
Microsoft Visual Studio Solution File, Format Version 12.00
# Visual Studio Version 16
VisualStudioVersion = 16.0.31410.357
MinimumVisualStudioVersion = 10.0.40219.1
Project("{FAE04EC0-301F-11D3-BF4B-00C04F79EFBC}") = "Neal_LinkedList", "Neal_LinkedList\Neal_LinkedList.csproj", "{84CB4262-2673-4F61-9D77-7266DA55FD2C}"
EndProject
Global
	GlobalSection(SolutionConfigurationPlatforms) = preSolution
		Debug|Any CPU = Debug|Any CPU
		Release|Any CPU = Release|Any CPU
	EndGlobalSection
	GlobalSection(ProjectConfigurationPlatforms) = postSolution
		{84CB4262-2673-4F61-9D77-7266DA55FD2C}.Debug|Any CPU.ActiveCfg = Debug|Any CPU
		{84CB4262-2673-4F61-9D77-7266DA55FD2C}.Debug|Any CPU.Build.0 = Debug|Any CPU
		{84CB4262-2673-4F61-9D77-7266DA55FD2C}.Release|Any CPU.ActiveCfg = Release|Any CPU
		{84CB4262-2673-4F61-9D77-7266DA55FD2C}.Release|Any CPU.Build.0 = Release|Any CPU
	EndGlobalSection
	GlobalSection(SolutionProperties) = preSolution
		HideSolutionNode = FALSE
	EndGlobalSection
	GlobalSection(ExtensibilityGlobals) = postSolution
		SolutionGuid = {36631F01-44DF-462D-AA04-D37E8397BDBA}
	EndGlobalSection
EndGlobal
